// !$*UTF8*$!
{
	archiveVersion = 1;
	classes = {
	};
	objectVersion = 50;
	objects = {

/* Begin PBXBuildFile section */
		5605ABDC219CABAA00609A77 /* AppDelegate.swift in Sources */ = {isa = PBXBuildFile; fileRef = 5605ABDB219CABAA00609A77 /* AppDelegate.swift */; };
		5605ABDE219CABAA00609A77 /* ViewController.swift in Sources */ = {isa = PBXBuildFile; fileRef = 5605ABDD219CABAA00609A77 /* ViewController.swift */; };
		5605ABE1219CABAA00609A77 /* Main.storyboard in Resources */ = {isa = PBXBuildFile; fileRef = 5605ABDF219CABAA00609A77 /* Main.storyboard */; };
		5605ABE3219CABAB00609A77 /* Assets.xcassets in Resources */ = {isa = PBXBuildFile; fileRef = 5605ABE2219CABAB00609A77 /* Assets.xcassets */; };
		5605ABE6219CABAB00609A77 /* LaunchScreen.storyboard in Resources */ = {isa = PBXBuildFile; fileRef = 5605ABE4219CABAB00609A77 /* LaunchScreen.storyboard */; };
		5605ABF1219CABAB00609A77 /* AutolayoutProjectTests.swift in Sources */ = {isa = PBXBuildFile; fileRef = 5605ABF0219CABAB00609A77 /* AutolayoutProjectTests.swift */; };
		5605ABFC219CABAB00609A77 /* AutolayoutProjectUITests.swift in Sources */ = {isa = PBXBuildFile; fileRef = 5605ABFB219CABAB00609A77 /* AutolayoutProjectUITests.swift */; };
/* End PBXBuildFile section */

/* Begin PBXContainerItemProxy section */
		5605ABED219CABAB00609A77 /* PBXContainerItemProxy */ = {
			isa = PBXContainerItemProxy;
			containerPortal = 5605ABD0219CABAA00609A77 /* Project object */;
			proxyType = 1;
			remoteGlobalIDString = 5605ABD7219CABAA00609A77;
			remoteInfo = AutolayoutProject;
		};
		5605ABF8219CABAB00609A77 /* PBXContainerItemProxy */ = {
			isa = PBXContainerItemProxy;
			containerPortal = 5605ABD0219CABAA00609A77 /* Project object */;
			proxyType = 1;
			remoteGlobalIDString = 5605ABD7219CABAA00609A77;
			remoteInfo = AutolayoutProject;
		};
/* End PBXContainerItemProxy section */

/* Begin PBXFileReference section */
		5605ABD8219CABAA00609A77 /* AutolayoutProject.app */ = {isa = PBXFileReference; explicitFileType = wrapper.application; includeInIndex = 0; path = AutolayoutProject.app; sourceTree = BUILT_PRODUCTS_DIR; };
		5605ABDB219CABAA00609A77 /* AppDelegate.swift */ = {isa = PBXFileReference; lastKnownFileType = sourcecode.swift; path = AppDelegate.swift; sourceTree = "<group>"; };
		5605ABDD219CABAA00609A77 /* ViewController.swift */ = {isa = PBXFileReference; lastKnownFileType = sourcecode.swift; path = ViewController.swift; sourceTree = "<group>"; };
		5605ABE0219CABAA00609A77 /* Base */ = {isa = PBXFileReference; lastKnownFileType = file.storyboard; name = Base; path = Base.lproj/Main.storyboard; sourceTree = "<group>"; };
		5605ABE2219CABAB00609A77 /* Assets.xcassets */ = {isa = PBXFileReference; lastKnownFileType = folder.assetcatalog; path = Assets.xcassets; sourceTree = "<group>"; };
		5605ABE5219CABAB00609A77 /* Base */ = {isa = PBXFileReference; lastKnownFileType = file.storyboard; name = Base; path = Base.lproj/LaunchScreen.storyboard; sourceTree = "<group>"; };
		5605ABE7219CABAB00609A77 /* Info.plist */ = {isa = PBXFileReference; lastKnownFileType = text.plist.xml; path = Info.plist; sourceTree = "<group>"; };
		5605ABEC219CABAB00609A77 /* AutolayoutProjectTests.xctest */ = {isa = PBXFileReference; explicitFileType = wrapper.cfbundle; includeInIndex = 0; path = AutolayoutProjectTests.xctest; sourceTree = BUILT_PRODUCTS_DIR; };
		5605ABF0219CABAB00609A77 /* AutolayoutProjectTests.swift */ = {isa = PBXFileReference; lastKnownFileType = sourcecode.swift; path = AutolayoutProjectTests.swift; sourceTree = "<group>"; };
		5605ABF2219CABAB00609A77 /* Info.plist */ = {isa = PBXFileReference; lastKnownFileType = text.plist.xml; path = Info.plist; sourceTree = "<group>"; };
		5605ABF7219CABAB00609A77 /* AutolayoutProjectUITests.xctest */ = {isa = PBXFileReference; explicitFileType = wrapper.cfbundle; includeInIndex = 0; path = AutolayoutProjectUITests.xctest; sourceTree = BUILT_PRODUCTS_DIR; };
		5605ABFB219CABAB00609A77 /* AutolayoutProjectUITests.swift */ = {isa = PBXFileReference; lastKnownFileType = sourcecode.swift; path = AutolayoutProjectUITests.swift; sourceTree = "<group>"; };
		5605ABFD219CABAB00609A77 /* Info.plist */ = {isa = PBXFileReference; lastKnownFileType = text.plist.xml; path = Info.plist; sourceTree = "<group>"; };
/* End PBXFileReference section */

/* Begin PBXFrameworksBuildPhase section */
		5605ABD5219CABAA00609A77 /* Frameworks */ = {
			isa = PBXFrameworksBuildPhase;
			buildActionMask = 2147483647;
			files = (
			);
			runOnlyForDeploymentPostprocessing = 0;
		};
		5605ABE9219CABAB00609A77 /* Frameworks */ = {
			isa = PBXFrameworksBuildPhase;
			buildActionMask = 2147483647;
			files = (
			);
			runOnlyForDeploymentPostprocessing = 0;
		};
		5605ABF4219CABAB00609A77 /* Frameworks */ = {
			isa = PBXFrameworksBuildPhase;
			buildActionMask = 2147483647;
			files = (
			);
			runOnlyForDeploymentPostprocessing = 0;
		};
/* End PBXFrameworksBuildPhase section */

/* Begin PBXGroup section */
		5605ABCF219CABAA00609A77 = {
			isa = PBXGroup;
			children = (
				5605ABDA219CABAA00609A77 /* AutolayoutProject */,
				5605ABEF219CABAB00609A77 /* AutolayoutProjectTests */,
				5605ABFA219CABAB00609A77 /* AutolayoutProjectUITests */,
				5605ABD9219CABAA00609A77 /* Products */,
			);
			sourceTree = "<group>";
		};
		5605ABD9219CABAA00609A77 /* Products */ = {
			isa = PBXGroup;
			children = (
				5605ABD8219CABAA00609A77 /* AutolayoutProject.app */,
				5605ABEC219CABAB00609A77 /* AutolayoutProjectTests.xctest */,
				5605ABF7219CABAB00609A77 /* AutolayoutProjectUITests.xctest */,
			);
			name = Products;
			sourceTree = "<group>";
		};
		5605ABDA219CABAA00609A77 /* AutolayoutProject */ = {
			isa = PBXGroup;
			children = (
				5605ABDB219CABAA00609A77 /* AppDelegate.swift */,
				5605ABDD219CABAA00609A77 /* ViewController.swift */,
				5605ABDF219CABAA00609A77 /* Main.storyboard */,
				5605ABE2219CABAB00609A77 /* Assets.xcassets */,
				5605ABE4219CABAB00609A77 /* LaunchScreen.storyboard */,
				5605ABE7219CABAB00609A77 /* Info.plist */,
			);
			path = AutolayoutProject;
			sourceTree = "<group>";
		};
		5605ABEF219CABAB00609A77 /* AutolayoutProjectTests */ = {
			isa = PBXGroup;
			children = (
				5605ABF0219CABAB00609A77 /* AutolayoutProjectTests.swift */,
				5605ABF2219CABAB00609A77 /* Info.plist */,
			);
			path = AutolayoutProjectTests;
			sourceTree = "<group>";
		};
		5605ABFA219CABAB00609A77 /* AutolayoutProjectUITests */ = {
			isa = PBXGroup;
			children = (
				5605ABFB219CABAB00609A77 /* AutolayoutProjectUITests.swift */,
				5605ABFD219CABAB00609A77 /* Info.plist */,
			);
			path = AutolayoutProjectUITests;
			sourceTree = "<group>";
		};
/* End PBXGroup section */

/* Begin PBXNativeTarget section */
		5605ABD7219CABAA00609A77 /* AutolayoutProject */ = {
			isa = PBXNativeTarget;
			buildConfigurationList = 5605AC00219CABAB00609A77 /* Build configuration list for PBXNativeTarget "AutolayoutProject" */;
			buildPhases = (
				5605ABD4219CABAA00609A77 /* Sources */,
				5605ABD5219CABAA00609A77 /* Frameworks */,
				5605ABD6219CABAA00609A77 /* Resources */,
			);
			buildRules = (
			);
			dependencies = (
			);
			name = AutolayoutProject;
			productName = AutolayoutProject;
			productReference = 5605ABD8219CABAA00609A77 /* AutolayoutProject.app */;
			productType = "com.apple.product-type.application";
		};
		5605ABEB219CABAB00609A77 /* AutolayoutProjectTests */ = {
			isa = PBXNativeTarget;
			buildConfigurationList = 5605AC03219CABAB00609A77 /* Build configuration list for PBXNativeTarget "AutolayoutProjectTests" */;
			buildPhases = (
				5605ABE8219CABAB00609A77 /* Sources */,
				5605ABE9219CABAB00609A77 /* Frameworks */,
				5605ABEA219CABAB00609A77 /* Resources */,
			);
			buildRules = (
			);
			dependencies = (
				5605ABEE219CABAB00609A77 /* PBXTargetDependency */,
			);
			name = AutolayoutProjectTests;
			productName = AutolayoutProjectTests;
			productReference = 5605ABEC219CABAB00609A77 /* AutolayoutProjectTests.xctest */;
			productType = "com.apple.product-type.bundle.unit-test";
		};
		5605ABF6219CABAB00609A77 /* AutolayoutProjectUITests */ = {
			isa = PBXNativeTarget;
			buildConfigurationList = 5605AC06219CABAB00609A77 /* Build configuration list for PBXNativeTarget "AutolayoutProjectUITests" */;
			buildPhases = (
				5605ABF3219CABAB00609A77 /* Sources */,
				5605ABF4219CABAB00609A77 /* Frameworks */,
				5605ABF5219CABAB00609A77 /* Resources */,
			);
			buildRules = (
			);
			dependencies = (
				5605ABF9219CABAB00609A77 /* PBXTargetDependency */,
			);
			name = AutolayoutProjectUITests;
			productName = AutolayoutProjectUITests;
			productReference = 5605ABF7219CABAB00609A77 /* AutolayoutProjectUITests.xctest */;
			productType = "com.apple.product-type.bundle.ui-testing";
		};
/* End PBXNativeTarget section */

/* Begin PBXProject section */
		5605ABD0219CABAA00609A77 /* Project object */ = {
			isa = PBXProject;
			attributes = {
				LastSwiftUpdateCheck = 1000;
				LastUpgradeCheck = 1000;
				ORGANIZATIONNAME = "Ian Bailey";
				TargetAttributes = {
					5605ABD7219CABAA00609A77 = {
						CreatedOnToolsVersion = 10.0;
					};
					5605ABEB219CABAB00609A77 = {
						CreatedOnToolsVersion = 10.0;
						TestTargetID = 5605ABD7219CABAA00609A77;
					};
					5605ABF6219CABAB00609A77 = {
						CreatedOnToolsVersion = 10.0;
						TestTargetID = 5605ABD7219CABAA00609A77;
					};
				};
			};
			buildConfigurationList = 5605ABD3219CABAA00609A77 /* Build configuration list for PBXProject "AutolayoutProject" */;
			compatibilityVersion = "Xcode 9.3";
			developmentRegion = en;
			hasScannedForEncodings = 0;
			knownRegions = (
				en,
				Base,
			);
			mainGroup = 5605ABCF219CABAA00609A77;
			productRefGroup = 5605ABD9219CABAA00609A77 /* Products */;
			projectDirPath = "";
			projectRoot = "";
			targets = (
				5605ABD7219CABAA00609A77 /* AutolayoutProject */,
				5605ABEB219CABAB00609A77 /* AutolayoutProjectTests */,
				5605ABF6219CABAB00609A77 /* AutolayoutProjectUITests */,
			);
		};
/* End PBXProject section */

/* Begin PBXResourcesBuildPhase section */
		5605ABD6219CABAA00609A77 /* Resources */ = {
			isa = PBXResourcesBuildPhase;
			buildActionMask = 2147483647;
			files = (
				5605ABE6219CABAB00609A77 /* LaunchScreen.storyboard in Resources */,
				5605ABE3219CABAB00609A77 /* Assets.xcassets in Resources */,
				5605ABE1219CABAA00609A77 /* Main.storyboard in Resources */,
			);
			runOnlyForDeploymentPostprocessing = 0;
		};
		5605ABEA219CABAB00609A77 /* Resources */ = {
			isa = PBXResourcesBuildPhase;
			buildActionMask = 2147483647;
			files = (
			);
			runOnlyForDeploymentPostprocessing = 0;
		};
		5605ABF5219CABAB00609A77 /* Resources */ = {
			isa = PBXResourcesBuildPhase;
			buildActionMask = 2147483647;
			files = (
			);
			runOnlyForDeploymentPostprocessing = 0;
		};
/* End PBXResourcesBuildPhase section */

/* Begin PBXSourcesBuildPhase section */
		5605ABD4219CABAA00609A77 /* Sources */ = {
			isa = PBXSourcesBuildPhase;
			buildActionMask = 2147483647;
			files = (
				5605ABDE219CABAA00609A77 /* ViewController.swift in Sources */,
				5605ABDC219CABAA00609A77 /* AppDelegate.swift in Sources */,
			);
			runOnlyForDeploymentPostprocessing = 0;
		};
		5605ABE8219CABAB00609A77 /* Sources */ = {
			isa = PBXSourcesBuildPhase;
			buildActionMask = 2147483647;
			files = (
				5605ABF1219CABAB00609A77 /* AutolayoutProjectTests.swift in Sources */,
			);
			runOnlyForDeploymentPostprocessing = 0;
		};
		5605ABF3219CABAB00609A77 /* Sources */ = {
			isa = PBXSourcesBuildPhase;
			buildActionMask = 2147483647;
			files = (
				5605ABFC219CABAB00609A77 /* AutolayoutProjectUITests.swift in Sources */,
			);
			runOnlyForDeploymentPostprocessing = 0;
		};
/* End PBXSourcesBuildPhase section */

/* Begin PBXTargetDependency section */
		5605ABEE219CABAB00609A77 /* PBXTargetDependency */ = {
			isa = PBXTargetDependency;
			target = 5605ABD7219CABAA00609A77 /* AutolayoutProject */;
			targetProxy = 5605ABED219CABAB00609A77 /* PBXContainerItemProxy */;
		};
		5605ABF9219CABAB00609A77 /* PBXTargetDependency */ = {
			isa = PBXTargetDependency;
			target = 5605ABD7219CABAA00609A77 /* AutolayoutProject */;
			targetProxy = 5605ABF8219CABAB00609A77 /* PBXContainerItemProxy */;
		};
/* End PBXTargetDependency section */

/* Begin PBXVariantGroup section */
		5605ABDF219CABAA00609A77 /* Main.storyboard */ = {
			isa = PBXVariantGroup;
			children = (
				5605ABE0219CABAA00609A77 /* Base */,
			);
			name = Main.storyboard;
			sourceTree = "<group>";
		};
		5605ABE4219CABAB00609A77 /* LaunchScreen.storyboard */ = {
			isa = PBXVariantGroup;
			children = (
				5605ABE5219CABAB00609A77 /* Base */,
			);
			name = LaunchScreen.storyboard;
			sourceTree = "<group>";
		};
/* End PBXVariantGroup section */

/* Begin XCBuildConfiguration section */
		5605ABFE219CABAB00609A77 /* Debug */ = {
			isa = XCBuildConfiguration;
			buildSettings = {
				ALWAYS_SEARCH_USER_PATHS = NO;
				CLANG_ANALYZER_NONNULL = YES;
				CLANG_ANALYZER_NUMBER_OBJECT_CONVERSION = YES_AGGRESSIVE;
				CLANG_CXX_LANGUAGE_STANDARD = "gnu++14";
				CLANG_CXX_LIBRARY = "libc++";
				CLANG_ENABLE_MODULES = YES;
				CLANG_ENABLE_OBJC_ARC = YES;
				CLANG_ENABLE_OBJC_WEAK = YES;
				CLANG_WARN_BLOCK_CAPTURE_AUTORELEASING = YES;
				CLANG_WARN_BOOL_CONVERSION = YES;
				CLANG_WARN_COMMA = YES;
				CLANG_WARN_CONSTANT_CONVERSION = YES;
				CLANG_WARN_DEPRECATED_OBJC_IMPLEMENTATIONS = YES;
				CLANG_WARN_DIRECT_OBJC_ISA_USAGE = YES_ERROR;
				CLANG_WARN_DOCUMENTATION_COMMENTS = YES;
				CLANG_WARN_EMPTY_BODY = YES;
				CLANG_WARN_ENUM_CONVERSION = YES;
				CLANG_WARN_INFINITE_RECURSION = YES;
				CLANG_WARN_INT_CONVERSION = YES;
				CLANG_WARN_NON_LITERAL_NULL_CONVERSION = YES;
				CLANG_WARN_OBJC_IMPLICIT_RETAIN_SELF = YES;
				CLANG_WARN_OBJC_LITERAL_CONVERSION = YES;
				CLANG_WARN_OBJC_ROOT_CLASS = YES_ERROR;
				CLANG_WARN_RANGE_LOOP_ANALYSIS = YES;
				CLANG_WARN_STRICT_PROTOTYPES = YES;
				CLANG_WARN_SUSPICIOUS_MOVE = YES;
				CLANG_WARN_UNGUARDED_AVAILABILITY = YES_AGGRESSIVE;
				CLANG_WARN_UNREACHABLE_CODE = YES;
				CLANG_WARN__DUPLICATE_METHOD_MATCH = YES;
				CODE_SIGN_IDENTITY = "iPhone Developer";
				COPY_PHASE_STRIP = NO;
				DEBUG_INFORMATION_FORMAT = dwarf;
				ENABLE_STRICT_OBJC_MSGSEND = YES;
				ENABLE_TESTABILITY = YES;
				GCC_C_LANGUAGE_STANDARD = gnu11;
				GCC_DYNAMIC_NO_PIC = NO;
				GCC_NO_COMMON_BLOCKS = YES;
				GCC_OPTIMIZATION_LEVEL = 0;
				GCC_PREPROCESSOR_DEFINITIONS = (
					"DEBUG=1",
					"$(inherited)",
				);
				GCC_WARN_64_TO_32_BIT_CONVERSION = YES;
				GCC_WARN_ABOUT_RETURN_TYPE = YES_ERROR;
				GCC_WARN_UNDECLARED_SELECTOR = YES;
				GCC_WARN_UNINITIALIZED_AUTOS = YES_AGGRESSIVE;
				GCC_WARN_UNUSED_FUNCTION = YES;
				GCC_WARN_UNUSED_VARIABLE = YES;
				IPHONEOS_DEPLOYMENT_TARGET = 12.0;
				MTL_ENABLE_DEBUG_INFO = INCLUDE_SOURCE;
				MTL_FAST_MATH = YES;
				ONLY_ACTIVE_ARCH = YES;
				SDKROOT = iphoneos;
				SWIFT_ACTIVE_COMPILATION_CONDITIONS = DEBUG;
				SWIFT_OPTIMIZATION_LEVEL = "-Onone";
			};
			name = Debug;
		};
		5605ABFF219CABAB00609A77 /* Release */ = {
			isa = XCBuildConfiguration;
			buildSettings = {
				ALWAYS_SEARCH_USER_PATHS = NO;
				CLANG_ANALYZER_NONNULL = YES;
				CLANG_ANALYZER_NUMBER_OBJECT_CONVERSION = YES_AGGRESSIVE;
				CLANG_CXX_LANGUAGE_STANDARD = "gnu++14";
				CLANG_CXX_LIBRARY = "libc++";
				CLANG_ENABLE_MODULES = YES;
				CLANG_ENABLE_OBJC_ARC = YES;
				CLANG_ENABLE_OBJC_WEAK = YES;
				CLANG_WARN_BLOCK_CAPTURE_AUTORELEASING = YES;
				CLANG_WARN_BOOL_CONVERSION = YES;
				CLANG_WARN_COMMA = YES;
				CLANG_WARN_CONSTANT_CONVERSION = YES;
				CLANG_WARN_DEPRECATED_OBJC_IMPLEMENTATIONS = YES;
				CLANG_WARN_DIRECT_OBJC_ISA_USAGE = YES_ERROR;
				CLANG_WARN_DOCUMENTATION_COMMENTS = YES;
				CLANG_WARN_EMPTY_BODY = YES;
				CLANG_WARN_ENUM_CONVERSION = YES;
				CLANG_WARN_INFINITE_RECURSION = YES;
				CLANG_WARN_INT_CONVERSION = YES;
				CLANG_WARN_NON_LITERAL_NULL_CONVERSION = YES;
				CLANG_WARN_OBJC_IMPLICIT_RETAIN_SELF = YES;
				CLANG_WARN_OBJC_LITERAL_CONVERSION = YES;
				CLANG_WARN_OBJC_ROOT_CLASS = YES_ERROR;
				CLANG_WARN_RANGE_LOOP_ANALYSIS = YES;
				CLANG_WARN_STRICT_PROTOTYPES = YES;
				CLANG_WARN_SUSPICIOUS_MOVE = YES;
				CLANG_WARN_UNGUARDED_AVAILABILITY = YES_AGGRESSIVE;
				CLANG_WARN_UNREACHABLE_CODE = YES;
				CLANG_WARN__DUPLICATE_METHOD_MATCH = YES;
				CODE_SIGN_IDENTITY = "iPhone Developer";
				COPY_PHASE_STRIP = NO;
				DEBUG_INFORMATION_FORMAT = "dwarf-with-dsym";
				ENABLE_NS_ASSERTIONS = NO;
				ENABLE_STRICT_OBJC_MSGSEND = YES;
				GCC_C_LANGUAGE_STANDARD = gnu11;
				GCC_NO_COMMON_BLOCKS = YES;
				GCC_WARN_64_TO_32_BIT_CONVERSION = YES;
				GCC_WARN_ABOUT_RETURN_TYPE = YES_ERROR;
				GCC_WARN_UNDECLARED_SELECTOR = YES;
				GCC_WARN_UNINITIALIZED_AUTOS = YES_AGGRESSIVE;
				GCC_WARN_UNUSED_FUNCTION = YES;
				GCC_WARN_UNUSED_VARIABLE = YES;
				IPHONEOS_DEPLOYMENT_TARGET = 12.0;
				MTL_ENABLE_DEBUG_INFO = NO;
				MTL_FAST_MATH = YES;
				SDKROOT = iphoneos;
				SWIFT_COMPILATION_MODE = wholemodule;
				SWIFT_OPTIMIZATION_LEVEL = "-O";
				VALIDATE_PRODUCT = YES;
			};
			name = Release;
		};
		5605AC01219CABAB00609A77 /* Debug */ = {
			isa = XCBuildConfiguration;
			buildSettings = {
				ASSETCATALOG_COMPILER_APPICON_NAME = AppIcon;
				CODE_SIGN_STYLE = Automatic;
				DEVELOPMENT_TEAM = M7XN873W7K;
				INFOPLIST_FILE = AutolayoutProject/Info.plist;
				LD_RUNPATH_SEARCH_PATHS = (
					"$(inherited)",
					"@executable_path/Frameworks",
				);
				PRODUCT_BUNDLE_IDENTIFIER = org.Ian.AutolayoutProject;
				PRODUCT_NAME = "$(TARGET_NAME)";
				SWIFT_VERSION = 4.2;
				TARGETED_DEVICE_FAMILY = "1,2";
			};
			name = Debug;
		};
		5605AC02219CABAB00609A77 /* Release */ = {
			isa = XCBuildConfiguration;
			buildSettings = {
				ASSETCATALOG_COMPILER_APPICON_NAME = AppIcon;
				CODE_SIGN_STYLE = Automatic;
				DEVELOPMENT_TEAM = M7XN873W7K;
				INFOPLIST_FILE = AutolayoutProject/Info.plist;
				LD_RUNPATH_SEARCH_PATHS = (
					"$(inherited)",
					"@executable_path/Frameworks",
				);
				PRODUCT_BUNDLE_IDENTIFIER = org.Ian.AutolayoutProject;
				PRODUCT_NAME = "$(TARGET_NAME)";
				SWIFT_VERSION = 4.2;
				TARGETED_DEVICE_FAMILY = "1,2";
			};
			name = Release;
		};
		5605AC04219CABAB00609A77 /* Debug */ = {
			isa = XCBuildConfiguration;
			buildSettings = {
				ALWAYS_EMBED_SWIFT_STANDARD_LIBRARIES = YES;
				BUNDLE_LOADER = "$(TEST_HOST)";
				CODE_SIGN_STYLE = Automatic;
				DEVELOPMENT_TEAM = M7XN873W7K;
				INFOPLIST_FILE = AutolayoutProjectTests/Info.plist;
				LD_RUNPATH_SEARCH_PATHS = (
					"$(inherited)",
					"@executable_path/Frameworks",
					"@loader_path/Frameworks",
				);
				PRODUCT_BUNDLE_IDENTIFIER = org.Ian.AutolayoutProjectTests;
				PRODUCT_NAME = "$(TARGET_NAME)";
				SWIFT_VERSION = 4.2;
				TARGETED_DEVICE_FAMILY = "1,2";
				TEST_HOST = "$(BUILT_PRODUCTS_DIR)/AutolayoutProject.app/AutolayoutProject";
			};
			name = Debug;
		};
		5605AC05219CABAB00609A77 /* Release */ = {
			isa = XCBuildConfiguration;
			buildSettings = {
				ALWAYS_EMBED_SWIFT_STANDARD_LIBRARIES = YES;
				BUNDLE_LOADER = "$(TEST_HOST)";
				CODE_SIGN_STYLE = Automatic;
				DEVELOPMENT_TEAM = M7XN873W7K;
				INFOPLIST_FILE = AutolayoutProjectTests/Info.plist;
				LD_RUNPATH_SEARCH_PATHS = (
					"$(inherited)",
					"@executable_path/Frameworks",
					"@loader_path/Frameworks",
				);
				PRODUCT_BUNDLE_IDENTIFIER = org.Ian.AutolayoutProjectTests;
				PRODUCT_NAME = "$(TARGET_NAME)";
				SWIFT_VERSION = 4.2;
				TARGETED_DEVICE_FAMILY = "1,2";
				TEST_HOST = "$(BUILT_PRODUCTS_DIR)/AutolayoutProject.app/AutolayoutProject";
			};
			name = Release;
		};
		5605AC07219CABAB00609A77 /* Debug */ = {
			isa = XCBuildConfiguration;
			buildSettings = {
				ALWAYS_EMBED_SWIFT_STANDARD_LIBRARIES = YES;
				CODE_SIGN_STYLE = Automatic;
				DEVELOPMENT_TEAM = M7XN873W7K;
				INFOPLIST_FILE = AutolayoutProjectUITests/Info.plist;
				LD_RUNPATH_SEARCH_PATHS = (
					"$(inherited)",
					"@executable_path/Frameworks",
					"@loader_path/Frameworks",
				);
				PRODUCT_BUNDLE_IDENTIFIER = org.Ian.AutolayoutProjectUITests;
				PRODUCT_NAME = "$(TARGET_NAME)";
				SWIFT_VERSION = 4.2;
				TARGETED_DEVICE_FAMILY = "1,2";
				TEST_TARGET_NAME = AutolayoutProject;
			};
			name = Debug;
		};
		5605AC08219CABAB00609A77 /* Release */ = {
			isa = XCBuildConfiguration;
			buildSettings = {
				ALWAYS_EMBED_SWIFT_STANDARD_LIBRARIES = YES;
				CODE_SIGN_STYLE = Automatic;
				DEVELOPMENT_TEAM = M7XN873W7K;
				INFOPLIST_FILE = AutolayoutProjectUITests/Info.plist;
				LD_RUNPATH_SEARCH_PATHS = (
					"$(inherited)",
					"@executable_path/Frameworks",
					"@loader_path/Frameworks",
				);
				PRODUCT_BUNDLE_IDENTIFIER = org.Ian.AutolayoutProjectUITests;
				PRODUCT_NAME = "$(TARGET_NAME)";
				SWIFT_VERSION = 4.2;
				TARGETED_DEVICE_FAMILY = "1,2";
				TEST_TARGET_NAME = AutolayoutProject;
			};
			name = Release;
		};
/* End XCBuildConfiguration section */

/* Begin XCConfigurationList section */
		5605ABD3219CABAA00609A77 /* Build configuration list for PBXProject "AutolayoutProject" */ = {
			isa = XCConfigurationList;
			buildConfigurations = (
				5605ABFE219CABAB00609A77 /* Debug */,
				5605ABFF219CABAB00609A77 /* Release */,
			);
			defaultConfigurationIsVisible = 0;
			defaultConfigurationName = Release;
		};
		5605AC00219CABAB00609A77 /* Build configuration list for PBXNativeTarget "AutolayoutProject" */ = {
			isa = XCConfigurationList;
			buildConfigurations = (
				5605AC01219CABAB00609A77 /* Debug */,
				5605AC02219CABAB00609A77 /* Release */,
			);
			defaultConfigurationIsVisible = 0;
			defaultConfigurationName = Release;
		};
		5605AC03219CABAB00609A77 /* Build configuration list for PBXNativeTarget "AutolayoutProjectTests" */ = {
			isa = XCConfigurationList;
			buildConfigurations = (
				5605AC04219CABAB00609A77 /* Debug */,
				5605AC05219CABAB00609A77 /* Release */,
			);
			defaultConfigurationIsVisible = 0;
			defaultConfigurationName = Release;
		};
		5605AC06219CABAB00609A77 /* Build configuration list for PBXNativeTarget "AutolayoutProjectUITests" */ = {
			isa = XCConfigurationList;
			buildConfigurations = (
				5605AC07219CABAB00609A77 /* Debug */,
				5605AC08219CABAB00609A77 /* Release */,
			);
			defaultConfigurationIsVisible = 0;
			defaultConfigurationName = Release;
		};
/* End XCConfigurationList section */
	};
	rootObject = 5605ABD0219CABAA00609A77 /* Project object */;
}
